
Microsoft Visual Studio Solution File, Format Version 12.00
# Visual Studio Version 16
VisualStudioVersion = 16.0.30517.126
MinimumVisualStudioVersion = 10.0.40219.1
Project("{FAE04EC0-301F-11D3-BF4B-00C04F79EFBC}") = "SkillsTracker", "SkillsTracker.csproj", "{8FD4F4EA-5092-419E-B9D2-87F297E8CBD5}"
EndProject
Global
	GlobalSection(SolutionConfigurationPlatforms) = preSolution
		Debug|Any CPU = Debug|Any CPU
		Release|Any CPU = Release|Any CPU
	EndGlobalSection
	GlobalSection(ProjectConfigurationPlatforms) = postSolution
		{8FD4F4EA-5092-419E-B9D2-87F297E8CBD5}.Debug|Any CPU.ActiveCfg = Debug|Any CPU
		{8FD4F4EA-5092-419E-B9D2-87F297E8CBD5}.Debug|Any CPU.Build.0 = Debug|Any CPU
		{8FD4F4EA-5092-419E-B9D2-87F297E8CBD5}.Release|Any CPU.ActiveCfg = Release|Any CPU
		{8FD4F4EA-5092-419E-B9D2-87F297E8CBD5}.Release|Any CPU.Build.0 = Release|Any CPU
	EndGlobalSection
	GlobalSection(SolutionProperties) = preSolution
		HideSolutionNode = FALSE
	EndGlobalSection
	GlobalSection(ExtensibilityGlobals) = postSolution
		SolutionGuid = {80932EF1-9F04-4522-8777-1F465F924970}
	EndGlobalSection
EndGlobal
